// !$*UTF8*$!
{
	archiveVersion = 1;
	classes = {
	};
	objectVersion = 77;
	objects = {

/* Begin PBXBuildFile section */
		D95940142EBAA36E0026E3F9 /* SnapKit in Frameworks */ = {isa = PBXBuildFile; productRef = D95940132EBAA36E0026E3F9 /* SnapKit */; };
		D9A4CD502EE86E7000233FA3 /* KeychainAccess in Frameworks */ = {isa = PBXBuildFile; productRef = D9A4CD4F2EE86E7000233FA3 /* KeychainAccess */; };
		D9C1000C2F1000010026E3F9 /* InventiXControlsExtension.appex in Embed App Extensions */ = {isa = PBXBuildFile; fileRef = D9C100012F1000010026E3F9 /* InventiXControlsExtension.appex */; settings = {ATTRIBUTES = (RemoveHeadersOnCopy, ); }; };
		D9C2000B2F1000020026E3F9 /* InventiXProductsControlExtension.appex in Embed App Extensions */ = {isa = PBXBuildFile; fileRef = D9C200012F1000020026E3F9 /* InventiXProductsControlExtension.appex */; settings = {ATTRIBUTES = (RemoveHeadersOnCopy, ); }; };
		D9C3000B2F1000030026E3F9 /* InventiXAnalyticsControlExtension.appex in Embed App Extensions */ = {isa = PBXBuildFile; fileRef = D9C300012F1000030026E3F9 /* InventiXAnalyticsControlExtension.appex */; settings = {ATTRIBUTES = (RemoveHeadersOnCopy, ); }; };
		D9C4000B2F1000040026E3F9 /* InventiXNotificationsControlExtension.appex in Embed App Extensions */ = {isa = PBXBuildFile; fileRef = D9C400012F1000040026E3F9 /* InventiXNotificationsControlExtension.appex */; settings = {ATTRIBUTES = (RemoveHeadersOnCopy, ); }; };
/* End PBXBuildFile section */

/* Begin PBXContainerItemProxy section */
		D9C1000E2F1000010026E3F9 /* PBXContainerItemProxy */ = {
			isa = PBXContainerItemProxy;
			containerPortal = D9593FEF2EBA9FF80026E3F9 /* Project object */;
			proxyType = 1;
			remoteGlobalIDString = D9C100042F1000010026E3F9;
			remoteInfo = InventiXControlsExtension;
		};
		D9C2000D2F1000020026E3F9 /* PBXContainerItemProxy */ = {
			isa = PBXContainerItemProxy;
			containerPortal = D9593FEF2EBA9FF80026E3F9 /* Project object */;
			proxyType = 1;
			remoteGlobalIDString = D9C200042F1000020026E3F9;
			remoteInfo = InventiXProductsControlExtension;
		};
		D9C3000D2F1000030026E3F9 /* PBXContainerItemProxy */ = {
			isa = PBXContainerItemProxy;
			containerPortal = D9593FEF2EBA9FF80026E3F9 /* Project object */;
			proxyType = 1;
			remoteGlobalIDString = D9C300042F1000030026E3F9;
			remoteInfo = InventiXAnalyticsControlExtension;
		};
		D9C4000D2F1000040026E3F9 /* PBXContainerItemProxy */ = {
			isa = PBXContainerItemProxy;
			containerPortal = D9593FEF2EBA9FF80026E3F9 /* Project object */;
			proxyType = 1;
			remoteGlobalIDString = D9C400042F1000040026E3F9;
			remoteInfo = InventiXNotificationsControlExtension;
		};
/* End PBXContainerItemProxy section */

/* Begin PBXCopyFilesBuildPhase section */
		D9C1000B2F1000010026E3F9 /* Embed App Extensions */ = {
			isa = PBXCopyFilesBuildPhase;
			buildActionMask = 2147483647;
			dstPath = "";
			dstSubfolderSpec = 13;
			files = (
				D9C1000C2F1000010026E3F9 /* InventiXControlsExtension.appex in Embed App Extensions */,
				D9C2000B2F1000020026E3F9 /* InventiXProductsControlExtension.appex in Embed App Extensions */,
				D9C3000B2F1000030026E3F9 /* InventiXAnalyticsControlExtension.appex in Embed App Extensions */,
				D9C4000B2F1000040026E3F9 /* InventiXNotificationsControlExtension.appex in Embed App Extensions */,
			);
			name = "Embed App Extensions";
			runOnlyForDeploymentPostprocessing = 0;
		};
/* End PBXCopyFilesBuildPhase section */

/* Begin PBXFileReference section */
		D9593FF72EBA9FF80026E3F9 /* UIKitPractice.app */ = {isa = PBXFileReference; explicitFileType = wrapper.application; includeInIndex = 0; path = UIKitPractice.app; sourceTree = BUILT_PRODUCTS_DIR; };
		D9C100012F1000010026E3F9 /* InventiXControlsExtension.appex */ = {isa = PBXFileReference; explicitFileType = "wrapper.app-extension"; includeInIndex = 0; path = InventiXControlsExtension.appex; sourceTree = BUILT_PRODUCTS_DIR; };
		D9C200012F1000020026E3F9 /* InventiXProductsControlExtension.appex */ = {isa = PBXFileReference; explicitFileType = "wrapper.app-extension"; includeInIndex = 0; path = InventiXProductsControlExtension.appex; sourceTree = BUILT_PRODUCTS_DIR; };
		D9C300012F1000030026E3F9 /* InventiXAnalyticsControlExtension.appex */ = {isa = PBXFileReference; explicitFileType = "wrapper.app-extension"; includeInIndex = 0; path = InventiXAnalyticsControlExtension.appex; sourceTree = BUILT_PRODUCTS_DIR; };
		D9C400012F1000040026E3F9 /* InventiXNotificationsControlExtension.appex */ = {isa = PBXFileReference; explicitFileType = "wrapper.app-extension"; includeInIndex = 0; path = InventiXNotificationsControlExtension.appex; sourceTree = BUILT_PRODUCTS_DIR; };
/* End PBXFileReference section */

/* Begin PBXFileSystemSynchronizedBuildFileExceptionSet section */
		D9C100032F1000010026E3F9 /* Exceptions for "InventiXControlsExtension" folder in "InventiXControlsExtension" target */ = {
			isa = PBXFileSystemSynchronizedBuildFileExceptionSet;
			membershipExceptions = (
				Info.plist,
			);
			target = D9C100042F1000010026E3F9 /* InventiXControlsExtension */;
		};
		D9C200032F1000020026E3F9 /* Exceptions for "InventiXProductsControlExtension" folder in "InventiXProductsControlExtension" target */ = {
			isa = PBXFileSystemSynchronizedBuildFileExceptionSet;
			membershipExceptions = (
				Info.plist,
			);
			target = D9C200042F1000020026E3F9 /* InventiXProductsControlExtension */;
		};
		D9C300032F1000030026E3F9 /* Exceptions for "InventiXAnalyticsControlExtension" folder in "InventiXAnalyticsControlExtension" target */ = {
			isa = PBXFileSystemSynchronizedBuildFileExceptionSet;
			membershipExceptions = (
				Info.plist,
			);
			target = D9C300042F1000030026E3F9 /* InventiXAnalyticsControlExtension */;
		};
		D9C400032F1000040026E3F9 /* Exceptions for "InventiXNotificationsControlExtension" folder in "InventiXNotificationsControlExtension" target */ = {
			isa = PBXFileSystemSynchronizedBuildFileExceptionSet;
			membershipExceptions = (
				Info.plist,
			);
			target = D9C400042F1000040026E3F9 /* InventiXNotificationsControlExtension */;
		};
		D9F0A1122F0000020026E3F9 /* Exceptions for "UIKitPractice" folder in "UIKitPractice" target */ = {
			isa = PBXFileSystemSynchronizedBuildFileExceptionSet;
			membershipExceptions = (
				Info.plist,
			);
			target = D9593FF62EBA9FF80026E3F9 /* UIKitPractice */;
		};
/* End PBXFileSystemSynchronizedBuildFileExceptionSet section */

/* Begin PBXFileSystemSynchronizedRootGroup section */
		D9593FF92EBA9FF80026E3F9 /* UIKitPractice */ = {
			isa = PBXFileSystemSynchronizedRootGroup;
			exceptions = (
				D9F0A1122F0000020026E3F9 /* Exceptions for "UIKitPractice" folder in "UIKitPractice" target */,
			);
			path = UIKitPractice;
			sourceTree = "<group>";
		};
		D9C100022F1000010026E3F9 /* InventiXControlsExtension */ = {
			isa = PBXFileSystemSynchronizedRootGroup;
			exceptions = (
				D9C100032F1000010026E3F9 /* Exceptions for "InventiXControlsExtension" folder in "InventiXControlsExtension" target */,
			);
			path = InventiXControlsExtension;
			sourceTree = "<group>";
		};
		D9C200022F1000020026E3F9 /* InventiXProductsControlExtension */ = {
			isa = PBXFileSystemSynchronizedRootGroup;
			exceptions = (
				D9C200032F1000020026E3F9 /* Exceptions for "InventiXProductsControlExtension" folder in "InventiXProductsControlExtension" target */,
			);
			path = InventiXProductsControlExtension;
			sourceTree = "<group>";
		};
		D9C300022F1000030026E3F9 /* InventiXAnalyticsControlExtension */ = {
			isa = PBXFileSystemSynchronizedRootGroup;
			exceptions = (
				D9C300032F1000030026E3F9 /* Exceptions for "InventiXAnalyticsControlExtension" folder in "InventiXAnalyticsControlExtension" target */,
			);
			path = InventiXAnalyticsControlExtension;
			sourceTree = "<group>";
		};
		D9C400022F1000040026E3F9 /* InventiXNotificationsControlExtension */ = {
			isa = PBXFileSystemSynchronizedRootGroup;
			exceptions = (
				D9C400032F1000040026E3F9 /* Exceptions for "InventiXNotificationsControlExtension" folder in "InventiXNotificationsControlExtension" target */,
			);
			path = InventiXNotificationsControlExtension;
			sourceTree = "<group>";
		};
/* End PBXFileSystemSynchronizedRootGroup section */

/* Begin PBXFrameworksBuildPhase section */
		D9593FF42EBA9FF80026E3F9 /* Frameworks */ = {
			isa = PBXFrameworksBuildPhase;
			buildActionMask = 2147483647;
			files = (
				D9A4CD502EE86E7000233FA3 /* KeychainAccess in Frameworks */,
				D95940142EBAA36E0026E3F9 /* SnapKit in Frameworks */,
			);
			runOnlyForDeploymentPostprocessing = 0;
		};
		D9C100062F1000010026E3F9 /* Frameworks */ = {
			isa = PBXFrameworksBuildPhase;
			buildActionMask = 2147483647;
			files = (
			);
			runOnlyForDeploymentPostprocessing = 0;
		};
		D9C200062F1000020026E3F9 /* Frameworks */ = {
			isa = PBXFrameworksBuildPhase;
			buildActionMask = 2147483647;
			files = (
			);
			runOnlyForDeploymentPostprocessing = 0;
		};
		D9C300062F1000030026E3F9 /* Frameworks */ = {
			isa = PBXFrameworksBuildPhase;
			buildActionMask = 2147483647;
			files = (
			);
			runOnlyForDeploymentPostprocessing = 0;
		};
		D9C400062F1000040026E3F9 /* Frameworks */ = {
			isa = PBXFrameworksBuildPhase;
			buildActionMask = 2147483647;
			files = (
			);
			runOnlyForDeploymentPostprocessing = 0;
		};
/* End PBXFrameworksBuildPhase section */

/* Begin PBXGroup section */
		D9593FEE2EBA9FF80026E3F9 = {
			isa = PBXGroup;
			children = (
				D9593FF92EBA9FF80026E3F9 /* UIKitPractice */,
				D9C100022F1000010026E3F9 /* InventiXControlsExtension */,
				D9C200022F1000020026E3F9 /* InventiXProductsControlExtension */,
				D9C300022F1000030026E3F9 /* InventiXAnalyticsControlExtension */,
				D9C400022F1000040026E3F9 /* InventiXNotificationsControlExtension */,
				D9593FF82EBA9FF80026E3F9 /* Products */,
			);
			sourceTree = "<group>";
		};
		D9593FF82EBA9FF80026E3F9 /* Products */ = {
			isa = PBXGroup;
			children = (
				D9593FF72EBA9FF80026E3F9 /* UIKitPractice.app */,
				D9C100012F1000010026E3F9 /* InventiXControlsExtension.appex */,
				D9C200012F1000020026E3F9 /* InventiXProductsControlExtension.appex */,
				D9C300012F1000030026E3F9 /* InventiXAnalyticsControlExtension.appex */,
				D9C400012F1000040026E3F9 /* InventiXNotificationsControlExtension.appex */,
			);
			name = Products;
			sourceTree = "<group>";
		};
/* End PBXGroup section */

/* Begin PBXNativeTarget section */
		D9593FF62EBA9FF80026E3F9 /* UIKitPractice */ = {
			isa = PBXNativeTarget;
			buildConfigurationList = D959400D2EBA9FFA0026E3F9 /* Build configuration list for PBXNativeTarget "UIKitPractice" */;
			buildPhases = (
				D9593FF32EBA9FF80026E3F9 /* Sources */,
				D9593FF42EBA9FF80026E3F9 /* Frameworks */,
				D9593FF52EBA9FF80026E3F9 /* Resources */,
				D9C1000B2F1000010026E3F9 /* Embed App Extensions */,
			);
			buildRules = (
			);
			dependencies = (
				D9C1000D2F1000010026E3F9 /* PBXTargetDependency */,
				D9C2000C2F1000020026E3F9 /* PBXTargetDependency */,
				D9C3000C2F1000030026E3F9 /* PBXTargetDependency */,
				D9C4000C2F1000040026E3F9 /* PBXTargetDependency */,
			);
			fileSystemSynchronizedGroups = (
				D9593FF92EBA9FF80026E3F9 /* UIKitPractice */,
			);
			name = UIKitPractice;
			packageProductDependencies = (
				D95940132EBAA36E0026E3F9 /* SnapKit */,
				D9A4CD4F2EE86E7000233FA3 /* KeychainAccess */,
			);
			productName = UIKitPractice;
			productReference = D9593FF72EBA9FF80026E3F9 /* UIKitPractice.app */;
			productType = "com.apple.product-type.application";
		};
		D9C100042F1000010026E3F9 /* InventiXControlsExtension */ = {
			isa = PBXNativeTarget;
			buildConfigurationList = D9C100082F1000010026E3F9 /* Build configuration list for PBXNativeTarget "InventiXControlsExtension" */;
			buildPhases = (
				D9C100052F1000010026E3F9 /* Sources */,
				D9C100062F1000010026E3F9 /* Frameworks */,
				D9C100072F1000010026E3F9 /* Resources */,
			);
			buildRules = (
			);
			dependencies = (
			);
			fileSystemSynchronizedGroups = (
				D9C100022F1000010026E3F9 /* InventiXControlsExtension */,
			);
			name = InventiXControlsExtension;
			packageProductDependencies = (
			);
			productName = InventiXControlsExtension;
			productReference = D9C100012F1000010026E3F9 /* InventiXControlsExtension.appex */;
			productType = "com.apple.product-type.app-extension";
		};
		D9C200042F1000020026E3F9 /* InventiXProductsControlExtension */ = {
			isa = PBXNativeTarget;
			buildConfigurationList = D9C200082F1000020026E3F9 /* Build configuration list for PBXNativeTarget "InventiXProductsControlExtension" */;
			buildPhases = (
				D9C200052F1000020026E3F9 /* Sources */,
				D9C200062F1000020026E3F9 /* Frameworks */,
				D9C200072F1000020026E3F9 /* Resources */,
			);
			buildRules = (
			);
			dependencies = (
			);
			fileSystemSynchronizedGroups = (
				D9C200022F1000020026E3F9 /* InventiXProductsControlExtension */,
			);
			name = InventiXProductsControlExtension;
			packageProductDependencies = (
			);
			productName = InventiXProductsControlExtension;
			productReference = D9C200012F1000020026E3F9 /* InventiXProductsControlExtension.appex */;
			productType = "com.apple.product-type.app-extension";
		};
		D9C300042F1000030026E3F9 /* InventiXAnalyticsControlExtension */ = {
			isa = PBXNativeTarget;
			buildConfigurationList = D9C300082F1000030026E3F9 /* Build configuration list for PBXNativeTarget "InventiXAnalyticsControlExtension" */;
			buildPhases = (
				D9C300052F1000030026E3F9 /* Sources */,
				D9C300062F1000030026E3F9 /* Frameworks */,
				D9C300072F1000030026E3F9 /* Resources */,
			);
			buildRules = (
			);
			dependencies = (
			);
			fileSystemSynchronizedGroups = (
				D9C300022F1000030026E3F9 /* InventiXAnalyticsControlExtension */,
			);
			name = InventiXAnalyticsControlExtension;
			packageProductDependencies = (
			);
			productName = InventiXAnalyticsControlExtension;
			productReference = D9C300012F1000030026E3F9 /* InventiXAnalyticsControlExtension.appex */;
			productType = "com.apple.product-type.app-extension";
		};
		D9C400042F1000040026E3F9 /* InventiXNotificationsControlExtension */ = {
			isa = PBXNativeTarget;
			buildConfigurationList = D9C400082F1000040026E3F9 /* Build configuration list for PBXNativeTarget "InventiXNotificationsControlExtension" */;
			buildPhases = (
				D9C400052F1000040026E3F9 /* Sources */,
				D9C400062F1000040026E3F9 /* Frameworks */,
				D9C400072F1000040026E3F9 /* Resources */,
			);
			buildRules = (
			);
			dependencies = (
			);
			fileSystemSynchronizedGroups = (
				D9C400022F1000040026E3F9 /* InventiXNotificationsControlExtension */,
			);
			name = InventiXNotificationsControlExtension;
			packageProductDependencies = (
			);
			productName = InventiXNotificationsControlExtension;
			productReference = D9C400012F1000040026E3F9 /* InventiXNotificationsControlExtension.appex */;
			productType = "com.apple.product-type.app-extension";
		};
/* End PBXNativeTarget section */

/* Begin PBXProject section */
		D9593FEF2EBA9FF80026E3F9 /* Project object */ = {
			isa = PBXProject;
			attributes = {
				BuildIndependentTargetsInParallel = 1;
				LastSwiftUpdateCheck = 2600;
				LastUpgradeCheck = 2610;
				TargetAttributes = {
					D9593FF62EBA9FF80026E3F9 = {
						CreatedOnToolsVersion = 26.0.1;
					};
					D9C100042F1000010026E3F9 = {
						CreatedOnToolsVersion = 26.0.1;
					};
					D9C200042F1000020026E3F9 = {
						CreatedOnToolsVersion = 26.0.1;
					};
					D9C300042F1000030026E3F9 = {
						CreatedOnToolsVersion = 26.0.1;
					};
					D9C400042F1000040026E3F9 = {
						CreatedOnToolsVersion = 26.0.1;
					};
				};
			};
			buildConfigurationList = D9593FF22EBA9FF80026E3F9 /* Build configuration list for PBXProject "UIKitPractice" */;
			developmentRegion = en;
			hasScannedForEncodings = 0;
			knownRegions = (
				en,
				Base,
				ru,
				kk,
			);
			mainGroup = D9593FEE2EBA9FF80026E3F9;
			minimizedProjectReferenceProxies = 1;
			packageReferences = (
				D95940122EBAA36E0026E3F9 /* XCRemoteSwiftPackageReference "SnapKit" */,
				D9A4CD4E2EE86E7000233FA3 /* XCRemoteSwiftPackageReference "KeychainAccess" */,
			);
			preferredProjectObjectVersion = 77;
			productRefGroup = D9593FF82EBA9FF80026E3F9 /* Products */;
			projectDirPath = "";
			projectRoot = "";
			targets = (
				D9593FF62EBA9FF80026E3F9 /* UIKitPractice */,
				D9C100042F1000010026E3F9 /* InventiXControlsExtension */,
				D9C200042F1000020026E3F9 /* InventiXProductsControlExtension */,
				D9C300042F1000030026E3F9 /* InventiXAnalyticsControlExtension */,
				D9C400042F1000040026E3F9 /* InventiXNotificationsControlExtension */,
			);
		};
/* End PBXProject section */

/* Begin PBXResourcesBuildPhase section */
		D9593FF52EBA9FF80026E3F9 /* Resources */ = {
			isa = PBXResourcesBuildPhase;
			buildActionMask = 2147483647;
			files = (
			);
			runOnlyForDeploymentPostprocessing = 0;
		};
		D9C100072F1000010026E3F9 /* Resources */ = {
			isa = PBXResourcesBuildPhase;
			buildActionMask = 2147483647;
			files = (
			);
			runOnlyForDeploymentPostprocessing = 0;
		};
		D9C200072F1000020026E3F9 /* Resources */ = {
			isa = PBXResourcesBuildPhase;
			buildActionMask = 2147483647;
			files = (
			);
			runOnlyForDeploymentPostprocessing = 0;
		};
		D9C300072F1000030026E3F9 /* Resources */ = {
			isa = PBXResourcesBuildPhase;
			buildActionMask = 2147483647;
			files = (
			);
			runOnlyForDeploymentPostprocessing = 0;
		};
		D9C400072F1000040026E3F9 /* Resources */ = {
			isa = PBXResourcesBuildPhase;
			buildActionMask = 2147483647;
			files = (
			);
			runOnlyForDeploymentPostprocessing = 0;
		};
/* End PBXResourcesBuildPhase section */

/* Begin PBXSourcesBuildPhase section */
		D9593FF32EBA9FF80026E3F9 /* Sources */ = {
			isa = PBXSourcesBuildPhase;
			buildActionMask = 2147483647;
			files = (
			);
			runOnlyForDeploymentPostprocessing = 0;
		};
		D9C100052F1000010026E3F9 /* Sources */ = {
			isa = PBXSourcesBuildPhase;
			buildActionMask = 2147483647;
			files = (
			);
			runOnlyForDeploymentPostprocessing = 0;
		};
		D9C200052F1000020026E3F9 /* Sources */ = {
			isa = PBXSourcesBuildPhase;
			buildActionMask = 2147483647;
			files = (
			);
			runOnlyForDeploymentPostprocessing = 0;
		};
		D9C300052F1000030026E3F9 /* Sources */ = {
			isa = PBXSourcesBuildPhase;
			buildActionMask = 2147483647;
			files = (
			);
			runOnlyForDeploymentPostprocessing = 0;
		};
		D9C400052F1000040026E3F9 /* Sources */ = {
			isa = PBXSourcesBuildPhase;
			buildActionMask = 2147483647;
			files = (
			);
			runOnlyForDeploymentPostprocessing = 0;
		};
/* End PBXSourcesBuildPhase section */

/* Begin PBXTargetDependency section */
		D9C1000D2F1000010026E3F9 /* PBXTargetDependency */ = {
			isa = PBXTargetDependency;
			target = D9C100042F1000010026E3F9 /* InventiXControlsExtension */;
			targetProxy = D9C1000E2F1000010026E3F9 /* PBXContainerItemProxy */;
		};
		D9C2000C2F1000020026E3F9 /* PBXTargetDependency */ = {
			isa = PBXTargetDependency;
			target = D9C200042F1000020026E3F9 /* InventiXProductsControlExtension */;
			targetProxy = D9C2000D2F1000020026E3F9 /* PBXContainerItemProxy */;
		};
		D9C3000C2F1000030026E3F9 /* PBXTargetDependency */ = {
			isa = PBXTargetDependency;
			target = D9C300042F1000030026E3F9 /* InventiXAnalyticsControlExtension */;
			targetProxy = D9C3000D2F1000030026E3F9 /* PBXContainerItemProxy */;
		};
		D9C4000C2F1000040026E3F9 /* PBXTargetDependency */ = {
			isa = PBXTargetDependency;
			target = D9C400042F1000040026E3F9 /* InventiXNotificationsControlExtension */;
			targetProxy = D9C4000D2F1000040026E3F9 /* PBXContainerItemProxy */;
		};
/* End PBXTargetDependency section */

/* Begin XCBuildConfiguration section */
		D959400E2EBA9FFA0026E3F9 /* Debug */ = {
			isa = XCBuildConfiguration;
			buildSettings = {
				ASSETCATALOG_COMPILER_APPICON_NAME = AppIcon;
				ASSETCATALOG_COMPILER_GLOBAL_ACCENT_COLOR_NAME = AccentColor;
				ASSETCATALOG_COMPILER_INCLUDE_ALL_APPICON_ASSETS = NO;
				CODE_SIGN_ENTITLEMENTS = UIKitPractice/UIKitPractice.entitlements;
				CODE_SIGN_STYLE = Automatic;
				CURRENT_PROJECT_VERSION = 1;
				DEVELOPMENT_TEAM = MV859P276L;
				GENERATE_INFOPLIST_FILE = NO;
				INFOPLIST_FILE = UIKitPractice/Info.plist;
				INFOPLIST_KEY_CFBundleDisplayName = InventiX;
				INFOPLIST_KEY_UIApplicationSupportsIndirectInputEvents = YES;
				INFOPLIST_KEY_UILaunchStoryboardName = LaunchScreen;
				INFOPLIST_KEY_UISupportedInterfaceOrientations = "UIInterfaceOrientationLandscapeLeft UIInterfaceOrientationLandscapeRight UIInterfaceOrientationPortrait";
				INFOPLIST_KEY_UISupportedInterfaceOrientations_iPad = "UIInterfaceOrientationLandscapeLeft UIInterfaceOrientationLandscapeRight UIInterfaceOrientationPortrait UIInterfaceOrientationPortraitUpsideDown";
				LD_RUNPATH_SEARCH_PATHS = (
					"$(inherited)",
					"@executable_path/Frameworks",
				);
				MARKETING_VERSION = 1.0;
				PRODUCT_BUNDLE_IDENTIFIER = Nurseit.UIKitPractice;
				PRODUCT_NAME = "$(TARGET_NAME)";
				STRING_CATALOG_GENERATE_SYMBOLS = YES;
				SWIFT_APPROACHABLE_CONCURRENCY = YES;
				SWIFT_DEFAULT_ACTOR_ISOLATION = MainActor;
				SWIFT_EMIT_LOC_STRINGS = YES;
				SWIFT_UPCOMING_FEATURE_MEMBER_IMPORT_VISIBILITY = YES;
				SWIFT_VERSION = 5.0;
				TARGETED_DEVICE_FAMILY = "1,2";
			};
			name = Debug;
		};
		D959400F2EBA9FFA0026E3F9 /* Release */ = {
			isa = XCBuildConfiguration;
			buildSettings = {
				ASSETCATALOG_COMPILER_APPICON_NAME = AppIcon;
				ASSETCATALOG_COMPILER_GLOBAL_ACCENT_COLOR_NAME = AccentColor;
				ASSETCATALOG_COMPILER_INCLUDE_ALL_APPICON_ASSETS = NO;
				CODE_SIGN_ENTITLEMENTS = UIKitPractice/UIKitPractice.entitlements;
				CODE_SIGN_STYLE = Automatic;
				CURRENT_PROJECT_VERSION = 1;
				DEVELOPMENT_TEAM = MV859P276L;
				GENERATE_INFOPLIST_FILE = NO;
				INFOPLIST_FILE = UIKitPractice/Info.plist;
				INFOPLIST_KEY_CFBundleDisplayName = InventiX;
				INFOPLIST_KEY_UIApplicationSupportsIndirectInputEvents = YES;
				INFOPLIST_KEY_UILaunchStoryboardName = LaunchScreen;
				INFOPLIST_KEY_UISupportedInterfaceOrientations = "UIInterfaceOrientationLandscapeLeft UIInterfaceOrientationLandscapeRight UIInterfaceOrientationPortrait";
				INFOPLIST_KEY_UISupportedInterfaceOrientations_iPad = "UIInterfaceOrientationLandscapeLeft UIInterfaceOrientationLandscapeRight UIInterfaceOrientationPortrait UIInterfaceOrientationPortraitUpsideDown";
				LD_RUNPATH_SEARCH_PATHS = (
					"$(inherited)",
					"@executable_path/Frameworks",
				);
				MARKETING_VERSION = 1.0;
				PRODUCT_BUNDLE_IDENTIFIER = Nurseit.UIKitPractice;
				PRODUCT_NAME = "$(TARGET_NAME)";
				STRING_CATALOG_GENERATE_SYMBOLS = YES;
				SWIFT_APPROACHABLE_CONCURRENCY = YES;
				SWIFT_DEFAULT_ACTOR_ISOLATION = MainActor;
				SWIFT_EMIT_LOC_STRINGS = YES;
				SWIFT_UPCOMING_FEATURE_MEMBER_IMPORT_VISIBILITY = YES;
				SWIFT_VERSION = 5.0;
				TARGETED_DEVICE_FAMILY = "1,2";
			};
			name = Release;
		};
		D95940102EBA9FFA0026E3F9 /* Debug */ = {
			isa = XCBuildConfiguration;
			buildSettings = {
				ALWAYS_SEARCH_USER_PATHS = NO;
				ASSETCATALOG_COMPILER_GENERATE_SWIFT_ASSET_SYMBOL_EXTENSIONS = YES;
				CLANG_ANALYZER_NONNULL = YES;
				CLANG_ANALYZER_NUMBER_OBJECT_CONVERSION = YES_AGGRESSIVE;
				CLANG_CXX_LANGUAGE_STANDARD = "gnu++20";
				CLANG_ENABLE_MODULES = YES;
				CLANG_ENABLE_OBJC_ARC = YES;
				CLANG_ENABLE_OBJC_WEAK = YES;
				CLANG_WARN_BLOCK_CAPTURE_AUTORELEASING = YES;
				CLANG_WARN_BOOL_CONVERSION = YES;
				CLANG_WARN_COMMA = YES;
				CLANG_WARN_CONSTANT_CONVERSION = YES;
				CLANG_WARN_DEPRECATED_OBJC_IMPLEMENTATIONS = YES;
				CLANG_WARN_DIRECT_OBJC_ISA_USAGE = YES_ERROR;
				CLANG_WARN_DOCUMENTATION_COMMENTS = YES;
				CLANG_WARN_EMPTY_BODY = YES;
				CLANG_WARN_ENUM_CONVERSION = YES;
				CLANG_WARN_INFINITE_RECURSION = YES;
				CLANG_WARN_INT_CONVERSION = YES;
				CLANG_WARN_NON_LITERAL_NULL_CONVERSION = YES;
				CLANG_WARN_OBJC_IMPLICIT_RETAIN_SELF = YES;
				CLANG_WARN_OBJC_LITERAL_CONVERSION = YES;
				CLANG_WARN_OBJC_ROOT_CLASS = YES_ERROR;
				CLANG_WARN_QUOTED_INCLUDE_IN_FRAMEWORK_HEADER = YES;
				CLANG_WARN_RANGE_LOOP_ANALYSIS = YES;
				CLANG_WARN_STRICT_PROTOTYPES = YES;
				CLANG_WARN_SUSPICIOUS_MOVE = YES;
				CLANG_WARN_UNGUARDED_AVAILABILITY = YES_AGGRESSIVE;
				CLANG_WARN_UNREACHABLE_CODE = YES;
				CLANG_WARN__DUPLICATE_METHOD_MATCH = YES;
				COPY_PHASE_STRIP = NO;
				DEBUG_INFORMATION_FORMAT = dwarf;
				DEVELOPMENT_TEAM = MV859P276L;
				ENABLE_STRICT_OBJC_MSGSEND = YES;
				ENABLE_TESTABILITY = YES;
				ENABLE_USER_SCRIPT_SANDBOXING = YES;
				GCC_C_LANGUAGE_STANDARD = gnu17;
				GCC_DYNAMIC_NO_PIC = NO;
				GCC_NO_COMMON_BLOCKS = YES;
				GCC_OPTIMIZATION_LEVEL = 0;
				GCC_PREPROCESSOR_DEFINITIONS = (
					"DEBUG=1",
					"$(inherited)",
				);
				GCC_WARN_64_TO_32_BIT_CONVERSION = YES;
				GCC_WARN_ABOUT_RETURN_TYPE = YES_ERROR;
				GCC_WARN_UNDECLARED_SELECTOR = YES;
				GCC_WARN_UNINITIALIZED_AUTOS = YES_AGGRESSIVE;
				GCC_WARN_UNUSED_FUNCTION = YES;
				GCC_WARN_UNUSED_VARIABLE = YES;
				IPHONEOS_DEPLOYMENT_TARGET = 26.0;
				LOCALIZATION_PREFERS_STRING_CATALOGS = YES;
				MTL_ENABLE_DEBUG_INFO = INCLUDE_SOURCE;
				MTL_FAST_MATH = YES;
				ONLY_ACTIVE_ARCH = YES;
				SDKROOT = iphoneos;
				STRING_CATALOG_GENERATE_SYMBOLS = YES;
				SWIFT_ACTIVE_COMPILATION_CONDITIONS = "DEBUG $(inherited)";
				SWIFT_OPTIMIZATION_LEVEL = "-Onone";
			};
			name = Debug;
		};
		D95940112EBA9FFA0026E3F9 /* Release */ = {
			isa = XCBuildConfiguration;
			buildSettings = {
				ALWAYS_SEARCH_USER_PATHS = NO;
				ASSETCATALOG_COMPILER_GENERATE_SWIFT_ASSET_SYMBOL_EXTENSIONS = YES;
				CLANG_ANALYZER_NONNULL = YES;
				CLANG_ANALYZER_NUMBER_OBJECT_CONVERSION = YES_AGGRESSIVE;
				CLANG_CXX_LANGUAGE_STANDARD = "gnu++20";
				CLANG_ENABLE_MODULES = YES;
				CLANG_ENABLE_OBJC_ARC = YES;
				CLANG_ENABLE_OBJC_WEAK = YES;
				CLANG_WARN_BLOCK_CAPTURE_AUTORELEASING = YES;
				CLANG_WARN_BOOL_CONVERSION = YES;
				CLANG_WARN_COMMA = YES;
				CLANG_WARN_CONSTANT_CONVERSION = YES;
				CLANG_WARN_DEPRECATED_OBJC_IMPLEMENTATIONS = YES;
				CLANG_WARN_DIRECT_OBJC_ISA_USAGE = YES_ERROR;
				CLANG_WARN_DOCUMENTATION_COMMENTS = YES;
				CLANG_WARN_EMPTY_BODY = YES;
				CLANG_WARN_ENUM_CONVERSION = YES;
				CLANG_WARN_INFINITE_RECURSION = YES;
				CLANG_WARN_INT_CONVERSION = YES;
				CLANG_WARN_NON_LITERAL_NULL_CONVERSION = YES;
				CLANG_WARN_OBJC_IMPLICIT_RETAIN_SELF = YES;
				CLANG_WARN_OBJC_LITERAL_CONVERSION = YES;
				CLANG_WARN_OBJC_ROOT_CLASS = YES_ERROR;
				CLANG_WARN_QUOTED_INCLUDE_IN_FRAMEWORK_HEADER = YES;
				CLANG_WARN_RANGE_LOOP_ANALYSIS = YES;
				CLANG_WARN_STRICT_PROTOTYPES = YES;
				CLANG_WARN_SUSPICIOUS_MOVE = YES;
				CLANG_WARN_UNGUARDED_AVAILABILITY = YES_AGGRESSIVE;
				CLANG_WARN_UNREACHABLE_CODE = YES;
				CLANG_WARN__DUPLICATE_METHOD_MATCH = YES;
				COPY_PHASE_STRIP = NO;
				DEBUG_INFORMATION_FORMAT = "dwarf-with-dsym";
				DEVELOPMENT_TEAM = MV859P276L;
				ENABLE_NS_ASSERTIONS = NO;
				ENABLE_STRICT_OBJC_MSGSEND = YES;
				ENABLE_USER_SCRIPT_SANDBOXING = YES;
				GCC_C_LANGUAGE_STANDARD = gnu17;
				GCC_NO_COMMON_BLOCKS = YES;
				GCC_WARN_64_TO_32_BIT_CONVERSION = YES;
				GCC_WARN_ABOUT_RETURN_TYPE = YES_ERROR;
				GCC_WARN_UNDECLARED_SELECTOR = YES;
				GCC_WARN_UNINITIALIZED_AUTOS = YES_AGGRESSIVE;
				GCC_WARN_UNUSED_FUNCTION = YES;
				GCC_WARN_UNUSED_VARIABLE = YES;
				IPHONEOS_DEPLOYMENT_TARGET = 26.0;
				LOCALIZATION_PREFERS_STRING_CATALOGS = YES;
				MTL_ENABLE_DEBUG_INFO = NO;
				MTL_FAST_MATH = YES;
				SDKROOT = iphoneos;
				STRING_CATALOG_GENERATE_SYMBOLS = YES;
				SWIFT_COMPILATION_MODE = wholemodule;
				VALIDATE_PRODUCT = YES;
			};
			name = Release;
		};
		D9C100092F1000010026E3F9 /* Debug */ = {
			isa = XCBuildConfiguration;
			buildSettings = {
				APPLICATION_EXTENSION_API_ONLY = YES;
				CODE_SIGN_ENTITLEMENTS = InventiXControlsExtension/InventiXControlsExtension.entitlements;
				CODE_SIGN_STYLE = Automatic;
				CURRENT_PROJECT_VERSION = 1;
				DEVELOPMENT_TEAM = MV859P276L;
				GENERATE_INFOPLIST_FILE = NO;
				INFOPLIST_FILE = InventiXControlsExtension/Info.plist;
				IPHONEOS_DEPLOYMENT_TARGET = 26.0;
				LD_RUNPATH_SEARCH_PATHS = (
					"$(inherited)",
					"@executable_path/Frameworks",
					"@executable_path/../../Frameworks",
				);
				MARKETING_VERSION = 1.0;
				PRODUCT_BUNDLE_IDENTIFIER = Nurseit.UIKitPractice.Controls;
				PRODUCT_NAME = "$(TARGET_NAME)";
				SKIP_INSTALL = YES;
				STRING_CATALOG_GENERATE_SYMBOLS = YES;
				SWIFT_APPROACHABLE_CONCURRENCY = YES;
				SWIFT_DEFAULT_ACTOR_ISOLATION = MainActor;
				SWIFT_EMIT_LOC_STRINGS = YES;
				SWIFT_UPCOMING_FEATURE_MEMBER_IMPORT_VISIBILITY = YES;
				SWIFT_VERSION = 5.0;
				TARGETED_DEVICE_FAMILY = "1,2";
			};
			name = Debug;
		};
		D9C1000A2F1000010026E3F9 /* Release */ = {
			isa = XCBuildConfiguration;
			buildSettings = {
				APPLICATION_EXTENSION_API_ONLY = YES;
				CODE_SIGN_ENTITLEMENTS = InventiXControlsExtension/InventiXControlsExtension.entitlements;
				CODE_SIGN_STYLE = Automatic;
				CURRENT_PROJECT_VERSION = 1;
				DEVELOPMENT_TEAM = MV859P276L;
				GENERATE_INFOPLIST_FILE = NO;
				INFOPLIST_FILE = InventiXControlsExtension/Info.plist;
				IPHONEOS_DEPLOYMENT_TARGET = 26.0;
				LD_RUNPATH_SEARCH_PATHS = (
					"$(inherited)",
					"@executable_path/Frameworks",
					"@executable_path/../../Frameworks",
				);
				MARKETING_VERSION = 1.0;
				PRODUCT_BUNDLE_IDENTIFIER = Nurseit.UIKitPractice.Controls;
				PRODUCT_NAME = "$(TARGET_NAME)";
				SKIP_INSTALL = YES;
				STRING_CATALOG_GENERATE_SYMBOLS = YES;
				SWIFT_APPROACHABLE_CONCURRENCY = YES;
				SWIFT_DEFAULT_ACTOR_ISOLATION = MainActor;
				SWIFT_EMIT_LOC_STRINGS = YES;
				SWIFT_UPCOMING_FEATURE_MEMBER_IMPORT_VISIBILITY = YES;
				SWIFT_VERSION = 5.0;
				TARGETED_DEVICE_FAMILY = "1,2";
			};
			name = Release;
		};
		D9C200092F1000020026E3F9 /* Debug */ = {
			isa = XCBuildConfiguration;
			buildSettings = {
				APPLICATION_EXTENSION_API_ONLY = YES;
				CODE_SIGN_ENTITLEMENTS = InventiXProductsControlExtension/InventiXProductsControlExtension.entitlements;
				CODE_SIGN_STYLE = Automatic;
				CURRENT_PROJECT_VERSION = 1;
				DEVELOPMENT_TEAM = MV859P276L;
				GENERATE_INFOPLIST_FILE = NO;
				INFOPLIST_FILE = InventiXProductsControlExtension/Info.plist;
				IPHONEOS_DEPLOYMENT_TARGET = 26.0;
				LD_RUNPATH_SEARCH_PATHS = (
					"$(inherited)",
					"@executable_path/Frameworks",
					"@executable_path/../../Frameworks",
				);
				MARKETING_VERSION = 1.0;
				PRODUCT_BUNDLE_IDENTIFIER = Nurseit.UIKitPractice.ProductsControl;
				PRODUCT_NAME = "$(TARGET_NAME)";
				SKIP_INSTALL = YES;
				STRING_CATALOG_GENERATE_SYMBOLS = YES;
				SWIFT_APPROACHABLE_CONCURRENCY = YES;
				SWIFT_DEFAULT_ACTOR_ISOLATION = MainActor;
				SWIFT_EMIT_LOC_STRINGS = YES;
				SWIFT_UPCOMING_FEATURE_MEMBER_IMPORT_VISIBILITY = YES;
				SWIFT_VERSION = 5.0;
				TARGETED_DEVICE_FAMILY = "1,2";
			};
			name = Debug;
		};
		D9C2000A2F1000020026E3F9 /* Release */ = {
			isa = XCBuildConfiguration;
			buildSettings = {
				APPLICATION_EXTENSION_API_ONLY = YES;
				CODE_SIGN_ENTITLEMENTS = InventiXProductsControlExtension/InventiXProductsControlExtension.entitlements;
				CODE_SIGN_STYLE = Automatic;
				CURRENT_PROJECT_VERSION = 1;
				DEVELOPMENT_TEAM = MV859P276L;
				GENERATE_INFOPLIST_FILE = NO;
				INFOPLIST_FILE = InventiXProductsControlExtension/Info.plist;
				IPHONEOS_DEPLOYMENT_TARGET = 26.0;
				LD_RUNPATH_SEARCH_PATHS = (
					"$(inherited)",
					"@executable_path/Frameworks",
					"@executable_path/../../Frameworks",
				);
				MARKETING_VERSION = 1.0;
				PRODUCT_BUNDLE_IDENTIFIER = Nurseit.UIKitPractice.ProductsControl;
				PRODUCT_NAME = "$(TARGET_NAME)";
				SKIP_INSTALL = YES;
				STRING_CATALOG_GENERATE_SYMBOLS = YES;
				SWIFT_APPROACHABLE_CONCURRENCY = YES;
				SWIFT_DEFAULT_ACTOR_ISOLATION = MainActor;
				SWIFT_EMIT_LOC_STRINGS = YES;
				SWIFT_UPCOMING_FEATURE_MEMBER_IMPORT_VISIBILITY = YES;
				SWIFT_VERSION = 5.0;
				TARGETED_DEVICE_FAMILY = "1,2";
			};
			name = Release;
		};
		D9C300092F1000030026E3F9 /* Debug */ = {
			isa = XCBuildConfiguration;
			buildSettings = {
				APPLICATION_EXTENSION_API_ONLY = YES;
				CODE_SIGN_ENTITLEMENTS = InventiXAnalyticsControlExtension/InventiXAnalyticsControlExtension.entitlements;
				CODE_SIGN_STYLE = Automatic;
				CURRENT_PROJECT_VERSION = 1;
				DEVELOPMENT_TEAM = MV859P276L;
				GENERATE_INFOPLIST_FILE = NO;
				INFOPLIST_FILE = InventiXAnalyticsControlExtension/Info.plist;
				IPHONEOS_DEPLOYMENT_TARGET = 26.0;
				LD_RUNPATH_SEARCH_PATHS = (
					"$(inherited)",
					"@executable_path/Frameworks",
					"@executable_path/../../Frameworks",
				);
				MARKETING_VERSION = 1.0;
				PRODUCT_BUNDLE_IDENTIFIER = Nurseit.UIKitPractice.AnalyticsControl;
				PRODUCT_NAME = "$(TARGET_NAME)";
				SKIP_INSTALL = YES;
				STRING_CATALOG_GENERATE_SYMBOLS = YES;
				SWIFT_APPROACHABLE_CONCURRENCY = YES;
				SWIFT_DEFAULT_ACTOR_ISOLATION = MainActor;
				SWIFT_EMIT_LOC_STRINGS = YES;
				SWIFT_UPCOMING_FEATURE_MEMBER_IMPORT_VISIBILITY = YES;
				SWIFT_VERSION = 5.0;
				TARGETED_DEVICE_FAMILY = "1,2";
			};
			name = Debug;
		};
		D9C3000A2F1000030026E3F9 /* Release */ = {
			isa = XCBuildConfiguration;
			buildSettings = {
				APPLICATION_EXTENSION_API_ONLY = YES;
				CODE_SIGN_ENTITLEMENTS = InventiXAnalyticsControlExtension/InventiXAnalyticsControlExtension.entitlements;
				CODE_SIGN_STYLE = Automatic;
				CURRENT_PROJECT_VERSION = 1;
				DEVELOPMENT_TEAM = MV859P276L;
				GENERATE_INFOPLIST_FILE = NO;
				INFOPLIST_FILE = InventiXAnalyticsControlExtension/Info.plist;
				IPHONEOS_DEPLOYMENT_TARGET = 26.0;
				LD_RUNPATH_SEARCH_PATHS = (
					"$(inherited)",
					"@executable_path/Frameworks",
					"@executable_path/../../Frameworks",
				);
				MARKETING_VERSION = 1.0;
				PRODUCT_BUNDLE_IDENTIFIER = Nurseit.UIKitPractice.AnalyticsControl;
				PRODUCT_NAME = "$(TARGET_NAME)";
				SKIP_INSTALL = YES;
				STRING_CATALOG_GENERATE_SYMBOLS = YES;
				SWIFT_APPROACHABLE_CONCURRENCY = YES;
				SWIFT_DEFAULT_ACTOR_ISOLATION = MainActor;
				SWIFT_EMIT_LOC_STRINGS = YES;
				SWIFT_UPCOMING_FEATURE_MEMBER_IMPORT_VISIBILITY = YES;
				SWIFT_VERSION = 5.0;
				TARGETED_DEVICE_FAMILY = "1,2";
			};
			name = Release;
		};
		D9C400092F1000040026E3F9 /* Debug */ = {
			isa = XCBuildConfiguration;
			buildSettings = {
				APPLICATION_EXTENSION_API_ONLY = YES;
				CODE_SIGN_ENTITLEMENTS = InventiXNotificationsControlExtension/InventiXNotificationsControlExtension.entitlements;
				CODE_SIGN_STYLE = Automatic;
				CURRENT_PROJECT_VERSION = 1;
				DEVELOPMENT_TEAM = MV859P276L;
				GENERATE_INFOPLIST_FILE = NO;
				INFOPLIST_FILE = InventiXNotificationsControlExtension/Info.plist;
				IPHONEOS_DEPLOYMENT_TARGET = 26.0;
				LD_RUNPATH_SEARCH_PATHS = (
					"$(inherited)",
					"@executable_path/Frameworks",
					"@executable_path/../../Frameworks",
				);
				MARKETING_VERSION = 1.0;
				PRODUCT_BUNDLE_IDENTIFIER = Nurseit.UIKitPractice.NotificationsControl;
				PRODUCT_NAME = "$(TARGET_NAME)";
				SKIP_INSTALL = YES;
				STRING_CATALOG_GENERATE_SYMBOLS = YES;
				SWIFT_APPROACHABLE_CONCURRENCY = YES;
				SWIFT_DEFAULT_ACTOR_ISOLATION = MainActor;
				SWIFT_EMIT_LOC_STRINGS = YES;
				SWIFT_UPCOMING_FEATURE_MEMBER_IMPORT_VISIBILITY = YES;
				SWIFT_VERSION = 5.0;
				TARGETED_DEVICE_FAMILY = "1,2";
			};
			name = Debug;
		};
		D9C4000A2F1000040026E3F9 /* Release */ = {
			isa = XCBuildConfiguration;
			buildSettings = {
				APPLICATION_EXTENSION_API_ONLY = YES;
				CODE_SIGN_ENTITLEMENTS = InventiXNotificationsControlExtension/InventiXNotificationsControlExtension.entitlements;
				CODE_SIGN_STYLE = Automatic;
				CURRENT_PROJECT_VERSION = 1;
				DEVELOPMENT_TEAM = MV859P276L;
				GENERATE_INFOPLIST_FILE = NO;
				INFOPLIST_FILE = InventiXNotificationsControlExtension/Info.plist;
				IPHONEOS_DEPLOYMENT_TARGET = 26.0;
				LD_RUNPATH_SEARCH_PATHS = (
					"$(inherited)",
					"@executable_path/Frameworks",
					"@executable_path/../../Frameworks",
				);
				MARKETING_VERSION = 1.0;
				PRODUCT_BUNDLE_IDENTIFIER = Nurseit.UIKitPractice.NotificationsControl;
				PRODUCT_NAME = "$(TARGET_NAME)";
				SKIP_INSTALL = YES;
				STRING_CATALOG_GENERATE_SYMBOLS = YES;
				SWIFT_APPROACHABLE_CONCURRENCY = YES;
				SWIFT_DEFAULT_ACTOR_ISOLATION = MainActor;
				SWIFT_EMIT_LOC_STRINGS = YES;
				SWIFT_UPCOMING_FEATURE_MEMBER_IMPORT_VISIBILITY = YES;
				SWIFT_VERSION = 5.0;
				TARGETED_DEVICE_FAMILY = "1,2";
			};
			name = Release;
		};
/* End XCBuildConfiguration section */

/* Begin XCConfigurationList section */
		D9593FF22EBA9FF80026E3F9 /* Build configuration list for PBXProject "UIKitPractice" */ = {
			isa = XCConfigurationList;
			buildConfigurations = (
				D95940102EBA9FFA0026E3F9 /* Debug */,
				D95940112EBA9FFA0026E3F9 /* Release */,
			);
			defaultConfigurationIsVisible = 0;
			defaultConfigurationName = Release;
		};
		D959400D2EBA9FFA0026E3F9 /* Build configuration list for PBXNativeTarget "UIKitPractice" */ = {
			isa = XCConfigurationList;
			buildConfigurations = (
				D959400E2EBA9FFA0026E3F9 /* Debug */,
				D959400F2EBA9FFA0026E3F9 /* Release */,
			);
			defaultConfigurationIsVisible = 0;
			defaultConfigurationName = Release;
		};
		D9C100082F1000010026E3F9 /* Build configuration list for PBXNativeTarget "InventiXControlsExtension" */ = {
			isa = XCConfigurationList;
			buildConfigurations = (
				D9C100092F1000010026E3F9 /* Debug */,
				D9C1000A2F1000010026E3F9 /* Release */,
			);
			defaultConfigurationIsVisible = 0;
			defaultConfigurationName = Release;
		};
		D9C200082F1000020026E3F9 /* Build configuration list for PBXNativeTarget "InventiXProductsControlExtension" */ = {
			isa = XCConfigurationList;
			buildConfigurations = (
				D9C200092F1000020026E3F9 /* Debug */,
				D9C2000A2F1000020026E3F9 /* Release */,
			);
			defaultConfigurationIsVisible = 0;
			defaultConfigurationName = Release;
		};
		D9C300082F1000030026E3F9 /* Build configuration list for PBXNativeTarget "InventiXAnalyticsControlExtension" */ = {
			isa = XCConfigurationList;
			buildConfigurations = (
				D9C300092F1000030026E3F9 /* Debug */,
				D9C3000A2F1000030026E3F9 /* Release */,
			);
			defaultConfigurationIsVisible = 0;
			defaultConfigurationName = Release;
		};
		D9C400082F1000040026E3F9 /* Build configuration list for PBXNativeTarget "InventiXNotificationsControlExtension" */ = {
			isa = XCConfigurationList;
			buildConfigurations = (
				D9C400092F1000040026E3F9 /* Debug */,
				D9C4000A2F1000040026E3F9 /* Release */,
			);
			defaultConfigurationIsVisible = 0;
			defaultConfigurationName = Release;
		};
/* End XCConfigurationList section */

/* Begin XCRemoteSwiftPackageReference section */
		D95940122EBAA36E0026E3F9 /* XCRemoteSwiftPackageReference "SnapKit" */ = {
			isa = XCRemoteSwiftPackageReference;
			repositoryURL = "https://github.com/SnapKit/SnapKit";
			requirement = {
				kind = upToNextMajorVersion;
				minimumVersion = 5.7.1;
			};
		};
		D9A4CD4E2EE86E7000233FA3 /* XCRemoteSwiftPackageReference "KeychainAccess" */ = {
			isa = XCRemoteSwiftPackageReference;
			repositoryURL = "https://github.com/kishikawakatsumi/KeychainAccess";
			requirement = {
				branch = master;
				kind = branch;
			};
		};
/* End XCRemoteSwiftPackageReference section */

/* Begin XCSwiftPackageProductDependency section */
		D95940132EBAA36E0026E3F9 /* SnapKit */ = {
			isa = XCSwiftPackageProductDependency;
			package = D95940122EBAA36E0026E3F9 /* XCRemoteSwiftPackageReference "SnapKit" */;
			productName = SnapKit;
		};
		D9A4CD4F2EE86E7000233FA3 /* KeychainAccess */ = {
			isa = XCSwiftPackageProductDependency;
			package = D9A4CD4E2EE86E7000233FA3 /* XCRemoteSwiftPackageReference "KeychainAccess" */;
			productName = KeychainAccess;
		};
/* End XCSwiftPackageProductDependency section */
	};
	rootObject = D9593FEF2EBA9FF80026E3F9 /* Project object */;
}
